// !$*UTF8*$!
{
	archiveVersion = 1;
	classes = {
	};
	objectVersion = 50;
	objects = {

/* Begin PBXBuildFile section */
		C5421EDC2224CE4300ACC0A7 /* AppDelegate.swift in Sources */ = {isa = PBXBuildFile; fileRef = C5421EDB2224CE4300ACC0A7 /* AppDelegate.swift */; };
		C5421EDE2224CE4300ACC0A7 /* ViewController.swift in Sources */ = {isa = PBXBuildFile; fileRef = C5421EDD2224CE4300ACC0A7 /* ViewController.swift */; };
		C5421EE12224CE4300ACC0A7 /* Main.storyboard in Resources */ = {isa = PBXBuildFile; fileRef = C5421EDF2224CE4300ACC0A7 /* Main.storyboard */; };
		C5421EE32224CE4300ACC0A7 /* Assets.xcassets in Resources */ = {isa = PBXBuildFile; fileRef = C5421EE22224CE4300ACC0A7 /* Assets.xcassets */; };
		C5421EE62224CE4300ACC0A7 /* LaunchScreen.storyboard in Resources */ = {isa = PBXBuildFile; fileRef = C5421EE42224CE4300ACC0A7 /* LaunchScreen.storyboard */; };
		C5421EF12224CE4400ACC0A7 /* measurerTests.swift in Sources */ = {isa = PBXBuildFile; fileRef = C5421EF02224CE4400ACC0A7 /* measurerTests.swift */; };
		C5421EFC2224CE4400ACC0A7 /* measurerUITests.swift in Sources */ = {isa = PBXBuildFile; fileRef = C5421EFB2224CE4400ACC0A7 /* measurerUITests.swift */; };
		C5BF461D22262B2A00176C6F /* main.framework in Embed Frameworks */ = {isa = PBXBuildFile; fileRef = C5BF461B22262B2A00176C6F /* main.framework */; settings = {ATTRIBUTES = (CodeSignOnCopy, RemoveHeadersOnCopy, ); }; };
		C5C70D0922269642003732E3 /* main.framework in Frameworks */ = {isa = PBXBuildFile; fileRef = C5C70D0822269642003732E3 /* main.framework */; };
/* End PBXBuildFile section */

/* Begin PBXContainerItemProxy section */
		C5421EED2224CE4400ACC0A7 /* PBXContainerItemProxy */ = {
			isa = PBXContainerItemProxy;
			containerPortal = C5421ED02224CE4300ACC0A7 /* Project object */;
			proxyType = 1;
			remoteGlobalIDString = C5421ED72224CE4300ACC0A7;
			remoteInfo = measurer;
		};
		C5421EF82224CE4400ACC0A7 /* PBXContainerItemProxy */ = {
			isa = PBXContainerItemProxy;
			containerPortal = C5421ED02224CE4300ACC0A7 /* Project object */;
			proxyType = 1;
			remoteGlobalIDString = C5421ED72224CE4300ACC0A7;
			remoteInfo = measurer;
		};
/* End PBXContainerItemProxy section */

/* Begin PBXCopyFilesBuildPhase section */
		C5421F182224DFB100ACC0A7 /* Embed Frameworks */ = {
			isa = PBXCopyFilesBuildPhase;
			buildActionMask = 2147483647;
			dstPath = "";
			dstSubfolderSpec = 10;
			files = (
				C5BF461D22262B2A00176C6F /* main.framework in Embed Frameworks */,
			);
			name = "Embed Frameworks";
			runOnlyForDeploymentPostprocessing = 0;
		};
/* End PBXCopyFilesBuildPhase section */

/* Begin PBXFileReference section */
		C5421ED82224CE4300ACC0A7 /* measurer.app */ = {isa = PBXFileReference; explicitFileType = wrapper.application; includeInIndex = 0; path = measurer.app; sourceTree = BUILT_PRODUCTS_DIR; };
		C5421EDB2224CE4300ACC0A7 /* AppDelegate.swift */ = {isa = PBXFileReference; lastKnownFileType = sourcecode.swift; path = AppDelegate.swift; sourceTree = "<group>"; };
		C5421EDD2224CE4300ACC0A7 /* ViewController.swift */ = {isa = PBXFileReference; lastKnownFileType = sourcecode.swift; path = ViewController.swift; sourceTree = "<group>"; };
		C5421EE02224CE4300ACC0A7 /* Base */ = {isa = PBXFileReference; lastKnownFileType = file.storyboard; name = Base; path = Base.lproj/Main.storyboard; sourceTree = "<group>"; };
		C5421EE22224CE4300ACC0A7 /* Assets.xcassets */ = {isa = PBXFileReference; lastKnownFileType = folder.assetcatalog; path = Assets.xcassets; sourceTree = "<group>"; };
		C5421EE52224CE4300ACC0A7 /* Base */ = {isa = PBXFileReference; lastKnownFileType = file.storyboard; name = Base; path = Base.lproj/LaunchScreen.storyboard; sourceTree = "<group>"; };
		C5421EE72224CE4300ACC0A7 /* Info.plist */ = {isa = PBXFileReference; lastKnownFileType = text.plist.xml; path = Info.plist; sourceTree = "<group>"; };
		C5421EEC2224CE4400ACC0A7 /* measurerTests.xctest */ = {isa = PBXFileReference; explicitFileType = wrapper.cfbundle; includeInIndex = 0; path = measurerTests.xctest; sourceTree = BUILT_PRODUCTS_DIR; };
		C5421EF02224CE4400ACC0A7 /* measurerTests.swift */ = {isa = PBXFileReference; lastKnownFileType = sourcecode.swift; path = measurerTests.swift; sourceTree = "<group>"; };
		C5421EF22224CE4400ACC0A7 /* Info.plist */ = {isa = PBXFileReference; lastKnownFileType = text.plist.xml; path = Info.plist; sourceTree = "<group>"; };
		C5421EF72224CE4400ACC0A7 /* measurerUITests.xctest */ = {isa = PBXFileReference; explicitFileType = wrapper.cfbundle; includeInIndex = 0; path = measurerUITests.xctest; sourceTree = BUILT_PRODUCTS_DIR; };
		C5421EFB2224CE4400ACC0A7 /* measurerUITests.swift */ = {isa = PBXFileReference; lastKnownFileType = sourcecode.swift; path = measurerUITests.swift; sourceTree = "<group>"; };
		C5421EFD2224CE4400ACC0A7 /* Info.plist */ = {isa = PBXFileReference; lastKnownFileType = text.plist.xml; path = Info.plist; sourceTree = "<group>"; };
		C5BF461B22262B2A00176C6F /* main.framework */ = {isa = PBXFileReference; lastKnownFileType = wrapper.framework; name = main.framework; path = "../mpp_sample/build/xcode-frameworks/main.framework"; sourceTree = "<group>"; };
		C5C70D0822269642003732E3 /* main.framework */ = {isa = PBXFileReference; lastKnownFileType = wrapper.framework; name = main.framework; path = "xcode-frameworks/main.framework"; sourceTree = "<group>"; };
/* End PBXFileReference section */

/* Begin PBXFrameworksBuildPhase section */
		C5421ED52224CE4300ACC0A7 /* Frameworks */ = {
			isa = PBXFrameworksBuildPhase;
			buildActionMask = 2147483647;
			files = (
				C5C70D0922269642003732E3 /* main.framework in Frameworks */,
			);
			runOnlyForDeploymentPostprocessing = 0;
		};
		C5421EE92224CE4400ACC0A7 /* Frameworks */ = {
			isa = PBXFrameworksBuildPhase;
			buildActionMask = 2147483647;
			files = (
			);
			runOnlyForDeploymentPostprocessing = 0;
		};
		C5421EF42224CE4400ACC0A7 /* Frameworks */ = {
			isa = PBXFrameworksBuildPhase;
			buildActionMask = 2147483647;
			files = (
			);
			runOnlyForDeploymentPostprocessing = 0;
		};
/* End PBXFrameworksBuildPhase section */

/* Begin PBXGroup section */
		C5421ECF2224CE4300ACC0A7 = {
			isa = PBXGroup;
			children = (
				C5BF461B22262B2A00176C6F /* main.framework */,
				C5421EDA2224CE4300ACC0A7 /* measurer */,
				C5421EEF2224CE4400ACC0A7 /* measurerTests */,
				C5421EFA2224CE4400ACC0A7 /* measurerUITests */,
				C5421ED92224CE4300ACC0A7 /* Products */,
				C5421F092224CF3B00ACC0A7 /* Frameworks */,
			);
			sourceTree = "<group>";
		};
		C5421ED92224CE4300ACC0A7 /* Products */ = {
			isa = PBXGroup;
			children = (
				C5421ED82224CE4300ACC0A7 /* measurer.app */,
				C5421EEC2224CE4400ACC0A7 /* measurerTests.xctest */,
				C5421EF72224CE4400ACC0A7 /* measurerUITests.xctest */,
			);
			name = Products;
			sourceTree = "<group>";
		};
		C5421EDA2224CE4300ACC0A7 /* measurer */ = {
			isa = PBXGroup;
			children = (
				C5421EDB2224CE4300ACC0A7 /* AppDelegate.swift */,
				C5421EDD2224CE4300ACC0A7 /* ViewController.swift */,
				C5421EDF2224CE4300ACC0A7 /* Main.storyboard */,
				C5421EE22224CE4300ACC0A7 /* Assets.xcassets */,
				C5421EE42224CE4300ACC0A7 /* LaunchScreen.storyboard */,
				C5421EE72224CE4300ACC0A7 /* Info.plist */,
			);
			path = measurer;
			sourceTree = "<group>";
		};
		C5421EEF2224CE4400ACC0A7 /* measurerTests */ = {
			isa = PBXGroup;
			children = (
				C5421EF02224CE4400ACC0A7 /* measurerTests.swift */,
				C5421EF22224CE4400ACC0A7 /* Info.plist */,
			);
			path = measurerTests;
			sourceTree = "<group>";
		};
		C5421EFA2224CE4400ACC0A7 /* measurerUITests */ = {
			isa = PBXGroup;
			children = (
				C5421EFB2224CE4400ACC0A7 /* measurerUITests.swift */,
				C5421EFD2224CE4400ACC0A7 /* Info.plist */,
			);
			path = measurerUITests;
			sourceTree = "<group>";
		};
		C5421F092224CF3B00ACC0A7 /* Frameworks */ = {
			isa = PBXGroup;
			children = (
				C5C70D0822269642003732E3 /* main.framework */,
			);
			name = Frameworks;
			sourceTree = "<group>";
		};
/* End PBXGroup section */

/* Begin PBXNativeTarget section */
		C5421ED72224CE4300ACC0A7 /* measurer */ = {
			isa = PBXNativeTarget;
			buildConfigurationList = C5421F002224CE4400ACC0A7 /* Build configuration list for PBXNativeTarget "measurer" */;
			buildPhases = (
				C5BF461A22262A6400176C6F /* Kotlin Native */,
				C5421ED42224CE4300ACC0A7 /* Sources */,
				C5421ED52224CE4300ACC0A7 /* Frameworks */,
				C5421ED62224CE4300ACC0A7 /* Resources */,
				C5421F182224DFB100ACC0A7 /* Embed Frameworks */,
			);
			buildRules = (
			);
			dependencies = (
			);
			name = measurer;
			productName = measurer;
			productReference = C5421ED82224CE4300ACC0A7 /* measurer.app */;
			productType = "com.apple.product-type.application";
		};
		C5421EEB2224CE4400ACC0A7 /* measurerTests */ = {
			isa = PBXNativeTarget;
			buildConfigurationList = C5421F032224CE4400ACC0A7 /* Build configuration list for PBXNativeTarget "measurerTests" */;
			buildPhases = (
				C5421EE82224CE4400ACC0A7 /* Sources */,
				C5421EE92224CE4400ACC0A7 /* Frameworks */,
				C5421EEA2224CE4400ACC0A7 /* Resources */,
			);
			buildRules = (
			);
			dependencies = (
				C5421EEE2224CE4400ACC0A7 /* PBXTargetDependency */,
			);
			name = measurerTests;
			productName = measurerTests;
			productReference = C5421EEC2224CE4400ACC0A7 /* measurerTests.xctest */;
			productType = "com.apple.product-type.bundle.unit-test";
		};
		C5421EF62224CE4400ACC0A7 /* measurerUITests */ = {
			isa = PBXNativeTarget;
			buildConfigurationList = C5421F062224CE4400ACC0A7 /* Build configuration list for PBXNativeTarget "measurerUITests" */;
			buildPhases = (
				C5421EF32224CE4400ACC0A7 /* Sources */,
				C5421EF42224CE4400ACC0A7 /* Frameworks */,
				C5421EF52224CE4400ACC0A7 /* Resources */,
			);
			buildRules = (
			);
			dependencies = (
				C5421EF92224CE4400ACC0A7 /* PBXTargetDependency */,
			);
			name = measurerUITests;
			productName = measurerUITests;
			productReference = C5421EF72224CE4400ACC0A7 /* measurerUITests.xctest */;
			productType = "com.apple.product-type.bundle.ui-testing";
		};
/* End PBXNativeTarget section */

/* Begin PBXProject section */
		C5421ED02224CE4300ACC0A7 /* Project object */ = {
			isa = PBXProject;
			attributes = {
				LastSwiftUpdateCheck = 0940;
				LastUpgradeCheck = 0940;
				ORGANIZATIONNAME = soushin;
				TargetAttributes = {
					C5421ED72224CE4300ACC0A7 = {
						CreatedOnToolsVersion = 9.4.1;
					};
					C5421EEB2224CE4400ACC0A7 = {
						CreatedOnToolsVersion = 9.4.1;
						TestTargetID = C5421ED72224CE4300ACC0A7;
					};
					C5421EF62224CE4400ACC0A7 = {
						CreatedOnToolsVersion = 9.4.1;
						TestTargetID = C5421ED72224CE4300ACC0A7;
					};
				};
			};
			buildConfigurationList = C5421ED32224CE4300ACC0A7 /* Build configuration list for PBXProject "measurer" */;
			compatibilityVersion = "Xcode 9.3";
			developmentRegion = en;
			hasScannedForEncodings = 0;
			knownRegions = (
				en,
				Base,
			);
			mainGroup = C5421ECF2224CE4300ACC0A7;
			productRefGroup = C5421ED92224CE4300ACC0A7 /* Products */;
			projectDirPath = "";
			projectRoot = "";
			targets = (
				C5421ED72224CE4300ACC0A7 /* measurer */,
				C5421EEB2224CE4400ACC0A7 /* measurerTests */,
				C5421EF62224CE4400ACC0A7 /* measurerUITests */,
			);
		};
/* End PBXProject section */

/* Begin PBXResourcesBuildPhase section */
		C5421ED62224CE4300ACC0A7 /* Resources */ = {
			isa = PBXResourcesBuildPhase;
			buildActionMask = 2147483647;
			files = (
				C5421EE62224CE4300ACC0A7 /* LaunchScreen.storyboard in Resources */,
				C5421EE32224CE4300ACC0A7 /* Assets.xcassets in Resources */,
				C5421EE12224CE4300ACC0A7 /* Main.storyboard in Resources */,
			);
			runOnlyForDeploymentPostprocessing = 0;
		};
		C5421EEA2224CE4400ACC0A7 /* Resources */ = {
			isa = PBXResourcesBuildPhase;
			buildActionMask = 2147483647;
			files = (
			);
			runOnlyForDeploymentPostprocessing = 0;
		};
		C5421EF52224CE4400ACC0A7 /* Resources */ = {
			isa = PBXResourcesBuildPhase;
			buildActionMask = 2147483647;
			files = (
			);
			runOnlyForDeploymentPostprocessing = 0;
		};
/* End PBXResourcesBuildPhase section */

/* Begin PBXShellScriptBuildPhase section */
		C5BF461A22262A6400176C6F /* Kotlin Native */ = {
			isa = PBXShellScriptBuildPhase;
			buildActionMask = 2147483647;
			files = (
			);
			inputPaths = (
			);
			name = "Kotlin Native";
			outputPaths = (
			);
			runOnlyForDeploymentPostprocessing = 0;
			shellPath = /bin/sh;
			shellScript = "cd $SRCROOT/../\n./gradlew mpp_sample:packForXcode";
		};
/* End PBXShellScriptBuildPhase section */

/* Begin PBXSourcesBuildPhase section */
		C5421ED42224CE4300ACC0A7 /* Sources */ = {
			isa = PBXSourcesBuildPhase;
			buildActionMask = 2147483647;
			files = (
				C5421EDE2224CE4300ACC0A7 /* ViewController.swift in Sources */,
				C5421EDC2224CE4300ACC0A7 /* AppDelegate.swift in Sources */,
			);
			runOnlyForDeploymentPostprocessing = 0;
		};
		C5421EE82224CE4400ACC0A7 /* Sources */ = {
			isa = PBXSourcesBuildPhase;
			buildActionMask = 2147483647;
			files = (
				C5421EF12224CE4400ACC0A7 /* measurerTests.swift in Sources */,
			);
			runOnlyForDeploymentPostprocessing = 0;
		};
		C5421EF32224CE4400ACC0A7 /* Sources */ = {
			isa = PBXSourcesBuildPhase;
			buildActionMask = 2147483647;
			files = (
				C5421EFC2224CE4400ACC0A7 /* measurerUITests.swift in Sources */,
			);
			runOnlyForDeploymentPostprocessing = 0;
		};
/* End PBXSourcesBuildPhase section */

/* Begin PBXTargetDependency section */
		C5421EEE2224CE4400ACC0A7 /* PBXTargetDependency */ = {
			isa = PBXTargetDependency;
			target = C5421ED72224CE4300ACC0A7 /* measurer */;
			targetProxy = C5421EED2224CE4400ACC0A7 /* PBXContainerItemProxy */;
		};
		C5421EF92224CE4400ACC0A7 /* PBXTargetDependency */ = {
			isa = PBXTargetDependency;
			target = C5421ED72224CE4300ACC0A7 /* measurer */;
			targetProxy = C5421EF82224CE4400ACC0A7 /* PBXContainerItemProxy */;
		};
/* End PBXTargetDependency section */

/* Begin PBXVariantGroup section */
		C5421EDF2224CE4300ACC0A7 /* Main.storyboard */ = {
			isa = PBXVariantGroup;
			children = (
				C5421EE02224CE4300ACC0A7 /* Base */,
			);
			name = Main.storyboard;
			sourceTree = "<group>";
		};
		C5421EE42224CE4300ACC0A7 /* LaunchScreen.storyboard */ = {
			isa = PBXVariantGroup;
			children = (
				C5421EE52224CE4300ACC0A7 /* Base */,
			);
			name = LaunchScreen.storyboard;
			sourceTree = "<group>";
		};
/* End PBXVariantGroup section */

/* Begin XCBuildConfiguration section */
		C5421EFE2224CE4400ACC0A7 /* Debug */ = {
			isa = XCBuildConfiguration;
			buildSettings = {
				ALWAYS_SEARCH_USER_PATHS = NO;
				CLANG_ANALYZER_NONNULL = YES;
				CLANG_ANALYZER_NUMBER_OBJECT_CONVERSION = YES_AGGRESSIVE;
				CLANG_CXX_LANGUAGE_STANDARD = "gnu++14";
				CLANG_CXX_LIBRARY = "libc++";
				CLANG_ENABLE_MODULES = YES;
				CLANG_ENABLE_OBJC_ARC = YES;
				CLANG_ENABLE_OBJC_WEAK = YES;
				CLANG_WARN_BLOCK_CAPTURE_AUTORELEASING = YES;
				CLANG_WARN_BOOL_CONVERSION = YES;
				CLANG_WARN_COMMA = YES;
				CLANG_WARN_CONSTANT_CONVERSION = YES;
				CLANG_WARN_DEPRECATED_OBJC_IMPLEMENTATIONS = YES;
				CLANG_WARN_DIRECT_OBJC_ISA_USAGE = YES_ERROR;
				CLANG_WARN_DOCUMENTATION_COMMENTS = YES;
				CLANG_WARN_EMPTY_BODY = YES;
				CLANG_WARN_ENUM_CONVERSION = YES;
				CLANG_WARN_INFINITE_RECURSION = YES;
				CLANG_WARN_INT_CONVERSION = YES;
				CLANG_WARN_NON_LITERAL_NULL_CONVERSION = YES;
				CLANG_WARN_OBJC_IMPLICIT_RETAIN_SELF = YES;
				CLANG_WARN_OBJC_LITERAL_CONVERSION = YES;
				CLANG_WARN_OBJC_ROOT_CLASS = YES_ERROR;
				CLANG_WARN_RANGE_LOOP_ANALYSIS = YES;
				CLANG_WARN_STRICT_PROTOTYPES = YES;
				CLANG_WARN_SUSPICIOUS_MOVE = YES;
				CLANG_WARN_UNGUARDED_AVAILABILITY = YES_AGGRESSIVE;
				CLANG_WARN_UNREACHABLE_CODE = YES;
				CLANG_WARN__DUPLICATE_METHOD_MATCH = YES;
				CODE_SIGN_IDENTITY = "iPhone Developer";
				COPY_PHASE_STRIP = NO;
				DEBUG_INFORMATION_FORMAT = dwarf;
				ENABLE_STRICT_OBJC_MSGSEND = YES;
				ENABLE_TESTABILITY = YES;
				GCC_C_LANGUAGE_STANDARD = gnu11;
				GCC_DYNAMIC_NO_PIC = NO;
				GCC_NO_COMMON_BLOCKS = YES;
				GCC_OPTIMIZATION_LEVEL = 0;
				GCC_PREPROCESSOR_DEFINITIONS = (
					"DEBUG=1",
					"$(inherited)",
				);
				GCC_WARN_64_TO_32_BIT_CONVERSION = YES;
				GCC_WARN_ABOUT_RETURN_TYPE = YES_ERROR;
				GCC_WARN_UNDECLARED_SELECTOR = YES;
				GCC_WARN_UNINITIALIZED_AUTOS = YES_AGGRESSIVE;
				GCC_WARN_UNUSED_FUNCTION = YES;
				GCC_WARN_UNUSED_VARIABLE = YES;
				IPHONEOS_DEPLOYMENT_TARGET = 11.4;
				MTL_ENABLE_DEBUG_INFO = YES;
				ONLY_ACTIVE_ARCH = YES;
				SDKROOT = iphoneos;
				SWIFT_ACTIVE_COMPILATION_CONDITIONS = DEBUG;
				SWIFT_OPTIMIZATION_LEVEL = "-Onone";
			};
			name = Debug;
		};
		C5421EFF2224CE4400ACC0A7 /* Release */ = {
			isa = XCBuildConfiguration;
			buildSettings = {
				ALWAYS_SEARCH_USER_PATHS = NO;
				CLANG_ANALYZER_NONNULL = YES;
				CLANG_ANALYZER_NUMBER_OBJECT_CONVERSION = YES_AGGRESSIVE;
				CLANG_CXX_LANGUAGE_STANDARD = "gnu++14";
				CLANG_CXX_LIBRARY = "libc++";
				CLANG_ENABLE_MODULES = YES;
				CLANG_ENABLE_OBJC_ARC = YES;
				CLANG_ENABLE_OBJC_WEAK = YES;
				CLANG_WARN_BLOCK_CAPTURE_AUTORELEASING = YES;
				CLANG_WARN_BOOL_CONVERSION = YES;
				CLANG_WARN_COMMA = YES;
				CLANG_WARN_CONSTANT_CONVERSION = YES;
				CLANG_WARN_DEPRECATED_OBJC_IMPLEMENTATIONS = YES;
				CLANG_WARN_DIRECT_OBJC_ISA_USAGE = YES_ERROR;
				CLANG_WARN_DOCUMENTATION_COMMENTS = YES;
				CLANG_WARN_EMPTY_BODY = YES;
				CLANG_WARN_ENUM_CONVERSION = YES;
				CLANG_WARN_INFINITE_RECURSION = YES;
				CLANG_WARN_INT_CONVERSION = YES;
				CLANG_WARN_NON_LITERAL_NULL_CONVERSION = YES;
				CLANG_WARN_OBJC_IMPLICIT_RETAIN_SELF = YES;
				CLANG_WARN_OBJC_LITERAL_CONVERSION = YES;
				CLANG_WARN_OBJC_ROOT_CLASS = YES_ERROR;
				CLANG_WARN_RANGE_LOOP_ANALYSIS = YES;
				CLANG_WARN_STRICT_PROTOTYPES = YES;
				CLANG_WARN_SUSPICIOUS_MOVE = YES;
				CLANG_WARN_UNGUARDED_AVAILABILITY = YES_AGGRESSIVE;
				CLANG_WARN_UNREACHABLE_CODE = YES;
				CLANG_WARN__DUPLICATE_METHOD_MATCH = YES;
				CODE_SIGN_IDENTITY = "iPhone Developer";
				COPY_PHASE_STRIP = NO;
				DEBUG_INFORMATION_FORMAT = "dwarf-with-dsym";
				ENABLE_NS_ASSERTIONS = NO;
				ENABLE_STRICT_OBJC_MSGSEND = YES;
				GCC_C_LANGUAGE_STANDARD = gnu11;
				GCC_NO_COMMON_BLOCKS = YES;
				GCC_WARN_64_TO_32_BIT_CONVERSION = YES;
				GCC_WARN_ABOUT_RETURN_TYPE = YES_ERROR;
				GCC_WARN_UNDECLARED_SELECTOR = YES;
				GCC_WARN_UNINITIALIZED_AUTOS = YES_AGGRESSIVE;
				GCC_WARN_UNUSED_FUNCTION = YES;
				GCC_WARN_UNUSED_VARIABLE = YES;
				IPHONEOS_DEPLOYMENT_TARGET = 11.4;
				MTL_ENABLE_DEBUG_INFO = NO;
				SDKROOT = iphoneos;
				SWIFT_COMPILATION_MODE = wholemodule;
				SWIFT_OPTIMIZATION_LEVEL = "-O";
				VALIDATE_PRODUCT = YES;
			};
			name = Release;
		};
		C5421F012224CE4400ACC0A7 /* Debug */ = {
			isa = XCBuildConfiguration;
			buildSettings = {
				ASSETCATALOG_COMPILER_APPICON_NAME = AppIcon;
				CODE_SIGN_STYLE = Automatic;
				FRAMEWORK_SEARCH_PATHS = (
					"$SRCROOT/../mpp_sample/build/xcode-frameworks",
					"$(inherited)",
					"$(PROJECT_DIR)",
					"$(PROJECT_DIR)/xcode-frameworks",
				);
				INFOPLIST_FILE = measurer/Info.plist;
				LD_RUNPATH_SEARCH_PATHS = (
					"$(inherited)",
					"@executable_path/Frameworks",
				);
				PRODUCT_BUNDLE_IDENTIFIER = com.github.soushin.measurer;
				PRODUCT_NAME = "$(TARGET_NAME)";
				SWIFT_VERSION = 4.0;
				TARGETED_DEVICE_FAMILY = "1,2";
			};
			name = Debug;
		};
		C5421F022224CE4400ACC0A7 /* Release */ = {
			isa = XCBuildConfiguration;
			buildSettings = {
				ASSETCATALOG_COMPILER_APPICON_NAME = AppIcon;
				CODE_SIGN_STYLE = Automatic;
				FRAMEWORK_SEARCH_PATHS = (
					"$SRCROOT/../mpp_sample/build/xcode-frameworks",
					"$(inherited)",
					"$(PROJECT_DIR)",
					"$(PROJECT_DIR)/xcode-frameworks",
				);
				INFOPLIST_FILE = measurer/Info.plist;
				LD_RUNPATH_SEARCH_PATHS = (
					"$(inherited)",
					"@executable_path/Frameworks",
				);
				PRODUCT_BUNDLE_IDENTIFIER = com.github.soushin.measurer;
				PRODUCT_NAME = "$(TARGET_NAME)";
				SWIFT_VERSION = 4.0;
				TARGETED_DEVICE_FAMILY = "1,2";
			};
			name = Release;
		};
		C5421F042224CE4400ACC0A7 /* Debug */ = {
			isa = XCBuildConfiguration;
			buildSettings = {
				ALWAYS_EMBED_SWIFT_STANDARD_LIBRARIES = YES;
				BUNDLE_LOADER = "$(TEST_HOST)";
				CODE_SIGN_STYLE = Automatic;
				INFOPLIST_FILE = measurerTests/Info.plist;
				LD_RUNPATH_SEARCH_PATHS = (
					"$(inherited)",
					"@executable_path/Frameworks",
					"@loader_path/Frameworks",
				);
				PRODUCT_BUNDLE_IDENTIFIER = com.github.soushin.measurerTests;
				PRODUCT_NAME = "$(TARGET_NAME)";
				SWIFT_VERSION = 4.0;
				TARGETED_DEVICE_FAMILY = "1,2";
				TEST_HOST = "$(BUILT_PRODUCTS_DIR)/measurer.app/measurer";
			};
			name = Debug;
		};
		C5421F052224CE4400ACC0A7 /* Release */ = {
			isa = XCBuildConfiguration;
			buildSettings = {
				ALWAYS_EMBED_SWIFT_STANDARD_LIBRARIES = YES;
				BUNDLE_LOADER = "$(TEST_HOST)";
				CODE_SIGN_STYLE = Automatic;
				INFOPLIST_FILE = measurerTests/Info.plist;
				LD_RUNPATH_SEARCH_PATHS = (
					"$(inherited)",
					"@executable_path/Frameworks",
					"@loader_path/Frameworks",
				);
				PRODUCT_BUNDLE_IDENTIFIER = com.github.soushin.measurerTests;
				PRODUCT_NAME = "$(TARGET_NAME)";
				SWIFT_VERSION = 4.0;
				TARGETED_DEVICE_FAMILY = "1,2";
				TEST_HOST = "$(BUILT_PRODUCTS_DIR)/measurer.app/measurer";
			};
			name = Release;
		};
		C5421F072224CE4400ACC0A7 /* Debug */ = {
			isa = XCBuildConfiguration;
			buildSettings = {
				ALWAYS_EMBED_SWIFT_STANDARD_LIBRARIES = YES;
				CODE_SIGN_STYLE = Automatic;
				INFOPLIST_FILE = measurerUITests/Info.plist;
				LD_RUNPATH_SEARCH_PATHS = (
					"$(inherited)",
					"@executable_path/Frameworks",
					"@loader_path/Frameworks",
				);
				PRODUCT_BUNDLE_IDENTIFIER = com.github.soushin.measurerUITests;
				PRODUCT_NAME = "$(TARGET_NAME)";
				SWIFT_VERSION = 4.0;
				TARGETED_DEVICE_FAMILY = "1,2";
				TEST_TARGET_NAME = measurer;
			};
			name = Debug;
		};
		C5421F082224CE4400ACC0A7 /* Release */ = {
			isa = XCBuildConfiguration;
			buildSettings = {
				ALWAYS_EMBED_SWIFT_STANDARD_LIBRARIES = YES;
				CODE_SIGN_STYLE = Automatic;
				INFOPLIST_FILE = measurerUITests/Info.plist;
				LD_RUNPATH_SEARCH_PATHS = (
					"$(inherited)",
					"@executable_path/Frameworks",
					"@loader_path/Frameworks",
				);
				PRODUCT_BUNDLE_IDENTIFIER = com.github.soushin.measurerUITests;
				PRODUCT_NAME = "$(TARGET_NAME)";
				SWIFT_VERSION = 4.0;
				TARGETED_DEVICE_FAMILY = "1,2";
				TEST_TARGET_NAME = measurer;
			};
			name = Release;
		};
/* End XCBuildConfiguration section */

/* Begin XCConfigurationList section */
		C5421ED32224CE4300ACC0A7 /* Build configuration list for PBXProject "measurer" */ = {
			isa = XCConfigurationList;
			buildConfigurations = (
				C5421EFE2224CE4400ACC0A7 /* Debug */,
				C5421EFF2224CE4400ACC0A7 /* Release */,
			);
			defaultConfigurationIsVisible = 0;
			defaultConfigurationName = Release;
		};
		C5421F002224CE4400ACC0A7 /* Build configuration list for PBXNativeTarget "measurer" */ = {
			isa = XCConfigurationList;
			buildConfigurations = (
				C5421F012224CE4400ACC0A7 /* Debug */,
				C5421F022224CE4400ACC0A7 /* Release */,
			);
			defaultConfigurationIsVisible = 0;
			defaultConfigurationName = Release;
		};
		C5421F032224CE4400ACC0A7 /* Build configuration list for PBXNativeTarget "measurerTests" */ = {
			isa = XCConfigurationList;
			buildConfigurations = (
				C5421F042224CE4400ACC0A7 /* Debug */,
				C5421F052224CE4400ACC0A7 /* Release */,
			);
			defaultConfigurationIsVisible = 0;
			defaultConfigurationName = Release;
		};
		C5421F062224CE4400ACC0A7 /* Build configuration list for PBXNativeTarget "measurerUITests" */ = {
			isa = XCConfigurationList;
			buildConfigurations = (
				C5421F072224CE4400ACC0A7 /* Debug */,
				C5421F082224CE4400ACC0A7 /* Release */,
			);
			defaultConfigurationIsVisible = 0;
			defaultConfigurationName = Release;
		};
/* End XCConfigurationList section */
	};
	rootObject = C5421ED02224CE4300ACC0A7 /* Project object */;
}
